
Microsoft Visual Studio Solution File, Format Version 11.00
# Visual Studio 2010
Project("{FAE04EC0-301F-11D3-BF4B-00C04F79EFBC}") = "Chicken", "Chicken\Chicken.csproj", "{383AF207-5AD1-4081-AC42-095EA1B80AEB}"
EndProject
Project("{FAE04EC0-301F-11D3-BF4B-00C04F79EFBC}") = "ImageTools.IO.Gif.Phone", "..\..\src\src\ImageTools\ImageTools.IO.Gif.Phone\ImageTools.IO.Gif.Phone.csproj", "{58E343B0-5342-4266-8F2E-E1D0554B9D11}"
EndProject
Global
	GlobalSection(SolutionConfigurationPlatforms) = preSolution
		Debug|Any CPU = Debug|Any CPU
		HTTP|Any CPU = HTTP|Any CPU
		Release|Any CPU = Release|Any CPU
	EndGlobalSection
	GlobalSection(ProjectConfigurationPlatforms) = postSolution
		{383AF207-5AD1-4081-AC42-095EA1B80AEB}.Debug|Any CPU.ActiveCfg = Debug|Any CPU
		{383AF207-5AD1-4081-AC42-095EA1B80AEB}.Debug|Any CPU.Build.0 = Debug|Any CPU
		{383AF207-5AD1-4081-AC42-095EA1B80AEB}.Debug|Any CPU.Deploy.0 = Debug|Any CPU
		{383AF207-5AD1-4081-AC42-095EA1B80AEB}.HTTP|Any CPU.ActiveCfg = HTTP|Any CPU
		{383AF207-5AD1-4081-AC42-095EA1B80AEB}.HTTP|Any CPU.Build.0 = HTTP|Any CPU
		{383AF207-5AD1-4081-AC42-095EA1B80AEB}.HTTP|Any CPU.Deploy.0 = HTTP|Any CPU
		{383AF207-5AD1-4081-AC42-095EA1B80AEB}.Release|Any CPU.ActiveCfg = Release|Any CPU
		{383AF207-5AD1-4081-AC42-095EA1B80AEB}.Release|Any CPU.Build.0 = Release|Any CPU
		{383AF207-5AD1-4081-AC42-095EA1B80AEB}.Release|Any CPU.Deploy.0 = Release|Any CPU
		{58E343B0-5342-4266-8F2E-E1D0554B9D11}.Debug|Any CPU.ActiveCfg = Debug|Any CPU
		{58E343B0-5342-4266-8F2E-E1D0554B9D11}.Debug|Any CPU.Build.0 = Debug|Any CPU
		{58E343B0-5342-4266-8F2E-E1D0554B9D11}.HTTP|Any CPU.ActiveCfg = Release|Any CPU
		{58E343B0-5342-4266-8F2E-E1D0554B9D11}.HTTP|Any CPU.Build.0 = Release|Any CPU
		{58E343B0-5342-4266-8F2E-E1D0554B9D11}.Release|Any CPU.ActiveCfg = Release|Any CPU
		{58E343B0-5342-4266-8F2E-E1D0554B9D11}.Release|Any CPU.Build.0 = Release|Any CPU
	EndGlobalSection
	GlobalSection(SolutionProperties) = preSolution
		HideSolutionNode = FALSE
	EndGlobalSection
EndGlobal
